
Microsoft Visual Studio Solution File, Format Version 12.00
# Visual Studio 15
VisualStudioVersion = 15.0.26430.6
MinimumVisualStudioVersion = 10.0.40219.1
Project("{FAE04EC0-301F-11D3-BF4B-00C04F79EFBC}") = "ZBit.Aws.Sqs.Core", "ZBit.Aws.Sqs.Core\ZBit.Aws.Sqs.Core.csproj", "{1E2FE9B4-A330-4BD7-A0B8-684E2475CA62}"
EndProject
Project("{FAE04EC0-301F-11D3-BF4B-00C04F79EFBC}") = "ZBit.Aws.Sqs.CoreTests", "ZBit.Aws.Sqs.CoreTests\ZBit.Aws.Sqs.CoreTests.csproj", "{736C2C67-7CB8-445A-A6CD-1937DB5DABD8}"
EndProject
Project("{2150E333-8FDC-42A3-9474-1A3956D46DE8}") = "Nuget", "Nuget", "{5E562807-5DD6-4417-B61D-AA208E2AD709}"
	ProjectSection(SolutionItems) = preProject
		ZBit.Aws.Sqs.Core\push_nuget.bat = ZBit.Aws.Sqs.Core\push_nuget.bat
	EndProjectSection
EndProject
Global
	GlobalSection(SolutionConfigurationPlatforms) = preSolution
		Debug|Any CPU = Debug|Any CPU
		Release|Any CPU = Release|Any CPU
	EndGlobalSection
	GlobalSection(ProjectConfigurationPlatforms) = postSolution
		{1E2FE9B4-A330-4BD7-A0B8-684E2475CA62}.Debug|Any CPU.ActiveCfg = Debug|Any CPU
		{1E2FE9B4-A330-4BD7-A0B8-684E2475CA62}.Debug|Any CPU.Build.0 = Debug|Any CPU
		{1E2FE9B4-A330-4BD7-A0B8-684E2475CA62}.Release|Any CPU.ActiveCfg = Release|Any CPU
		{1E2FE9B4-A330-4BD7-A0B8-684E2475CA62}.Release|Any CPU.Build.0 = Release|Any CPU
		{736C2C67-7CB8-445A-A6CD-1937DB5DABD8}.Debug|Any CPU.ActiveCfg = Debug|Any CPU
		{736C2C67-7CB8-445A-A6CD-1937DB5DABD8}.Debug|Any CPU.Build.0 = Debug|Any CPU
		{736C2C67-7CB8-445A-A6CD-1937DB5DABD8}.Release|Any CPU.ActiveCfg = Release|Any CPU
		{736C2C67-7CB8-445A-A6CD-1937DB5DABD8}.Release|Any CPU.Build.0 = Release|Any CPU
	EndGlobalSection
	GlobalSection(SolutionProperties) = preSolution
		HideSolutionNode = FALSE
	EndGlobalSection
EndGlobal
